PODS:
  - Nimble (5.0.0)
  - Quick (0.10.0)

DEPENDENCIES:
  - Nimble (~> 5.0.0)
  - Quick (~> 0.10.0)

SPEC CHECKSUMS:
  Nimble: 56fc9f5020effa2206de22c3dd910f4fb011b92f
  Quick: 5d290df1c69d5ee2f0729956dcf0fd9a30447eaa

PODFILE CHECKSUM: e0f85abdbe6f5200a4f6ee6a019b79499fcef42d

COCOAPODS: 1.1.0.rc.2
