// !$*UTF8*$!
{
	archiveVersion = 1;
	classes = {
	};
	objectVersion = 46;
	objects = {

/* Begin PBXBuildFile section */
		66E38B3978CD318395A4DA76 /* Pods_TTTSwiftTests.framework in Frameworks */ = {isa = PBXBuildFile; fileRef = DE02BD03A871D35FD8716CF3 /* Pods_TTTSwiftTests.framework */; };
		6E1811621D80989D00B73B7A /* RulesTests.swift in Sources */ = {isa = PBXBuildFile; fileRef = 6E1811611D80989D00B73B7A /* RulesTests.swift */; };
		6E1811641D8099F200B73B7A /* Rules.swift in Sources */ = {isa = PBXBuildFile; fileRef = 6E1811631D8099F200B73B7A /* Rules.swift */; };
		6E22377D1D885A6400676B77 /* ConsoleBoard.swift in Sources */ = {isa = PBXBuildFile; fileRef = 6E22377C1D885A6400676B77 /* ConsoleBoard.swift */; };
		6E22377E1D885A6400676B77 /* ConsoleBoard.swift in Sources */ = {isa = PBXBuildFile; fileRef = 6E22377C1D885A6400676B77 /* ConsoleBoard.swift */; };
		6E2237801D885A7900676B77 /* ConsoleBoardTests.swift in Sources */ = {isa = PBXBuildFile; fileRef = 6E22377F1D885A7900676B77 /* ConsoleBoardTests.swift */; };
		6E2237821D88628300676B77 /* FirstAvailableSpotComputerPlayer.swift in Sources */ = {isa = PBXBuildFile; fileRef = 6E2237811D88628300676B77 /* FirstAvailableSpotComputerPlayer.swift */; };
		6E2237831D88628300676B77 /* FirstAvailableSpotComputerPlayer.swift in Sources */ = {isa = PBXBuildFile; fileRef = 6E2237811D88628300676B77 /* FirstAvailableSpotComputerPlayer.swift */; };
		6E2237851D88629300676B77 /* FirstAvailableSpotComputerPlayerTests.swift in Sources */ = {isa = PBXBuildFile; fileRef = 6E2237841D88629300676B77 /* FirstAvailableSpotComputerPlayerTests.swift */; };
		6E4797921D83106D0027ADAC /* main.swift in Sources */ = {isa = PBXBuildFile; fileRef = 6E4797911D83106D0027ADAC /* main.swift */; };
		6E4797961D8310A20027ADAC /* Board.swift in Sources */ = {isa = PBXBuildFile; fileRef = 6E9995251D7F60D500616838 /* Board.swift */; };
		6E4797981D8313350027ADAC /* Rules.swift in Sources */ = {isa = PBXBuildFile; fileRef = 6E1811631D8099F200B73B7A /* Rules.swift */; };
		6E4797991D8313390027ADAC /* ConsoleMessages.swift in Sources */ = {isa = PBXBuildFile; fileRef = 6EF6F6BD1D81D20D00B545F2 /* ConsoleMessages.swift */; };
		6E75F1F41D87299A00FAB787 /* UserInputRetrieverTests.swift in Sources */ = {isa = PBXBuildFile; fileRef = 6E75F1F31D87299A00FAB787 /* UserInputRetrieverTests.swift */; };
		6E75F1F61D8729AA00FAB787 /* UserInputRetriever.swift in Sources */ = {isa = PBXBuildFile; fileRef = 6E75F1F51D8729AA00FAB787 /* UserInputRetriever.swift */; };
		6E75F1F71D8729AA00FAB787 /* UserInputRetriever.swift in Sources */ = {isa = PBXBuildFile; fileRef = 6E75F1F51D8729AA00FAB787 /* UserInputRetriever.swift */; };
		6E9995241D7F5CF800616838 /* BoardTests.swift in Sources */ = {isa = PBXBuildFile; fileRef = 6E9995231D7F5CF800616838 /* BoardTests.swift */; };
		6E9995261D7F60D500616838 /* Board.swift in Sources */ = {isa = PBXBuildFile; fileRef = 6E9995251D7F60D500616838 /* Board.swift */; };
		6EB5C1D91D7F5C7800A5829F /* AppDelegate.swift in Sources */ = {isa = PBXBuildFile; fileRef = 6EB5C1D81D7F5C7800A5829F /* AppDelegate.swift */; };
		6EB5C1DB1D7F5C7800A5829F /* ViewController.swift in Sources */ = {isa = PBXBuildFile; fileRef = 6EB5C1DA1D7F5C7800A5829F /* ViewController.swift */; };
		6EB5C1DE1D7F5C7800A5829F /* Main.storyboard in Resources */ = {isa = PBXBuildFile; fileRef = 6EB5C1DC1D7F5C7800A5829F /* Main.storyboard */; };
		6EB5C1E01D7F5C7800A5829F /* Assets.xcassets in Resources */ = {isa = PBXBuildFile; fileRef = 6EB5C1DF1D7F5C7800A5829F /* Assets.xcassets */; };
		6EB5C1E31D7F5C7800A5829F /* LaunchScreen.storyboard in Resources */ = {isa = PBXBuildFile; fileRef = 6EB5C1E11D7F5C7800A5829F /* LaunchScreen.storyboard */; };
		6ECEA3531D883F6F0035E9DA /* Clock.swift in Sources */ = {isa = PBXBuildFile; fileRef = 6ECEA3521D883F6F0035E9DA /* Clock.swift */; };
		6ECEA3551D883F830035E9DA /* ClockTests.swift in Sources */ = {isa = PBXBuildFile; fileRef = 6ECEA3541D883F830035E9DA /* ClockTests.swift */; };
		6ECEA3561D883F870035E9DA /* Clock.swift in Sources */ = {isa = PBXBuildFile; fileRef = 6ECEA3521D883F6F0035E9DA /* Clock.swift */; };
		6EEECB361D8B1AC200B92641 /* HumanPlayerTests.swift in Sources */ = {isa = PBXBuildFile; fileRef = 6EEECB351D8B1AC200B92641 /* HumanPlayerTests.swift */; };
		6EEECB381D8B1ADE00B92641 /* HumanPlayer.swift in Sources */ = {isa = PBXBuildFile; fileRef = 6EEECB371D8B1ADE00B92641 /* HumanPlayer.swift */; };
		6EEECB391D8B1ADE00B92641 /* HumanPlayer.swift in Sources */ = {isa = PBXBuildFile; fileRef = 6EEECB371D8B1ADE00B92641 /* HumanPlayer.swift */; };
		6EEECB3E1D8B245E00B92641 /* GameTests.swift in Sources */ = {isa = PBXBuildFile; fileRef = 6EEECB3D1D8B245E00B92641 /* GameTests.swift */; };
		6EEECB401D8B246B00B92641 /* Game.swift in Sources */ = {isa = PBXBuildFile; fileRef = 6EEECB3F1D8B246B00B92641 /* Game.swift */; };
		6EEECB411D8B246B00B92641 /* Game.swift in Sources */ = {isa = PBXBuildFile; fileRef = 6EEECB3F1D8B246B00B92641 /* Game.swift */; };
		6EEECB431D8B255A00B92641 /* Player.swift in Sources */ = {isa = PBXBuildFile; fileRef = 6EEECB421D8B255A00B92641 /* Player.swift */; };
		6EEECB441D8B255A00B92641 /* Player.swift in Sources */ = {isa = PBXBuildFile; fileRef = 6EEECB421D8B255A00B92641 /* Player.swift */; };
		6EF6F6BC1D81D1FF00B545F2 /* ConsoleMessagesTests.swift in Sources */ = {isa = PBXBuildFile; fileRef = 6EF6F6BB1D81D1FF00B545F2 /* ConsoleMessagesTests.swift */; };
		6EF6F6BE1D81D20D00B545F2 /* ConsoleMessages.swift in Sources */ = {isa = PBXBuildFile; fileRef = 6EF6F6BD1D81D20D00B545F2 /* ConsoleMessages.swift */; };
		6EFC78A81D907098005BB491 /* MainMenuTests.swift in Sources */ = {isa = PBXBuildFile; fileRef = 6EFC78A71D907098005BB491 /* MainMenuTests.swift */; };
		6EFC78AA1D9070B5005BB491 /* MainMenu.swift in Sources */ = {isa = PBXBuildFile; fileRef = 6EFC78A91D9070B5005BB491 /* MainMenu.swift */; };
		6EFC78AB1D9070B5005BB491 /* MainMenu.swift in Sources */ = {isa = PBXBuildFile; fileRef = 6EFC78A91D9070B5005BB491 /* MainMenu.swift */; };
/* End PBXBuildFile section */

/* Begin PBXContainerItemProxy section */
		6EB5C1EA1D7F5C7800A5829F /* PBXContainerItemProxy */ = {
			isa = PBXContainerItemProxy;
			containerPortal = 6EB5C1CD1D7F5C7800A5829F /* Project object */;
			proxyType = 1;
			remoteGlobalIDString = 6EB5C1D41D7F5C7800A5829F;
			remoteInfo = TTTSwift;
		};
/* End PBXContainerItemProxy section */

/* Begin PBXCopyFilesBuildPhase section */
		6E47978D1D83106D0027ADAC /* CopyFiles */ = {
			isa = PBXCopyFilesBuildPhase;
			buildActionMask = 2147483647;
			dstPath = /usr/share/man/man1/;
			dstSubfolderSpec = 0;
			files = (
			);
			runOnlyForDeploymentPostprocessing = 1;
		};
/* End PBXCopyFilesBuildPhase section */

/* Begin PBXFileReference section */
		12BE161286AE3EA75A6ADBA1 /* Pods-TTTSwiftTests.debug.xcconfig */ = {isa = PBXFileReference; includeInIndex = 1; lastKnownFileType = text.xcconfig; name = "Pods-TTTSwiftTests.debug.xcconfig"; path = "Pods/Target Support Files/Pods-TTTSwiftTests/Pods-TTTSwiftTests.debug.xcconfig"; sourceTree = "<group>"; };
		6E1811611D80989D00B73B7A /* RulesTests.swift */ = {isa = PBXFileReference; fileEncoding = 4; lastKnownFileType = sourcecode.swift; path = RulesTests.swift; sourceTree = "<group>"; };
		6E1811631D8099F200B73B7A /* Rules.swift */ = {isa = PBXFileReference; fileEncoding = 4; lastKnownFileType = sourcecode.swift; name = Rules.swift; path = ../TTTSwift/Rules.swift; sourceTree = "<group>"; };
		6E22377C1D885A6400676B77 /* ConsoleBoard.swift */ = {isa = PBXFileReference; fileEncoding = 4; lastKnownFileType = sourcecode.swift; name = ConsoleBoard.swift; path = ../TTTSwift/ConsoleBoard.swift; sourceTree = "<group>"; };
		6E22377F1D885A7900676B77 /* ConsoleBoardTests.swift */ = {isa = PBXFileReference; fileEncoding = 4; lastKnownFileType = sourcecode.swift; path = ConsoleBoardTests.swift; sourceTree = "<group>"; };
		6E2237811D88628300676B77 /* FirstAvailableSpotComputerPlayer.swift */ = {isa = PBXFileReference; fileEncoding = 4; lastKnownFileType = sourcecode.swift; name = FirstAvailableSpotComputerPlayer.swift; path = ../TTTSwift/FirstAvailableSpotComputerPlayer.swift; sourceTree = "<group>"; };
		6E2237841D88629300676B77 /* FirstAvailableSpotComputerPlayerTests.swift */ = {isa = PBXFileReference; fileEncoding = 4; lastKnownFileType = sourcecode.swift; path = FirstAvailableSpotComputerPlayerTests.swift; sourceTree = "<group>"; };
		6E47978F1D83106D0027ADAC /* TTTSwiftCommandLine */ = {isa = PBXFileReference; explicitFileType = "compiled.mach-o.executable"; includeInIndex = 0; path = TTTSwiftCommandLine; sourceTree = BUILT_PRODUCTS_DIR; };
		6E4797911D83106D0027ADAC /* main.swift */ = {isa = PBXFileReference; lastKnownFileType = sourcecode.swift; path = main.swift; sourceTree = "<group>"; };
		6E75F1F31D87299A00FAB787 /* UserInputRetrieverTests.swift */ = {isa = PBXFileReference; fileEncoding = 4; lastKnownFileType = sourcecode.swift; path = UserInputRetrieverTests.swift; sourceTree = "<group>"; };
		6E75F1F51D8729AA00FAB787 /* UserInputRetriever.swift */ = {isa = PBXFileReference; fileEncoding = 4; lastKnownFileType = sourcecode.swift; name = UserInputRetriever.swift; path = ../TTTSwift/UserInputRetriever.swift; sourceTree = "<group>"; };
		6E9995231D7F5CF800616838 /* BoardTests.swift */ = {isa = PBXFileReference; fileEncoding = 4; lastKnownFileType = sourcecode.swift; path = BoardTests.swift; sourceTree = "<group>"; };
		6E9995251D7F60D500616838 /* Board.swift */ = {isa = PBXFileReference; fileEncoding = 4; lastKnownFileType = sourcecode.swift; name = Board.swift; path = ../TTTSwift/Board.swift; sourceTree = "<group>"; };
		6EB5C1D51D7F5C7800A5829F /* TTTSwift.app */ = {isa = PBXFileReference; explicitFileType = wrapper.application; includeInIndex = 0; path = TTTSwift.app; sourceTree = BUILT_PRODUCTS_DIR; };
		6EB5C1D81D7F5C7800A5829F /* AppDelegate.swift */ = {isa = PBXFileReference; lastKnownFileType = sourcecode.swift; path = AppDelegate.swift; sourceTree = "<group>"; };
		6EB5C1DA1D7F5C7800A5829F /* ViewController.swift */ = {isa = PBXFileReference; lastKnownFileType = sourcecode.swift; path = ViewController.swift; sourceTree = "<group>"; };
		6EB5C1DD1D7F5C7800A5829F /* Base */ = {isa = PBXFileReference; lastKnownFileType = file.storyboard; name = Base; path = Base.lproj/Main.storyboard; sourceTree = "<group>"; };
		6EB5C1DF1D7F5C7800A5829F /* Assets.xcassets */ = {isa = PBXFileReference; lastKnownFileType = folder.assetcatalog; path = Assets.xcassets; sourceTree = "<group>"; };
		6EB5C1E21D7F5C7800A5829F /* Base */ = {isa = PBXFileReference; lastKnownFileType = file.storyboard; name = Base; path = Base.lproj/LaunchScreen.storyboard; sourceTree = "<group>"; };
		6EB5C1E41D7F5C7800A5829F /* Info.plist */ = {isa = PBXFileReference; lastKnownFileType = text.plist.xml; path = Info.plist; sourceTree = "<group>"; };
		6EB5C1E91D7F5C7800A5829F /* TTTSwiftTests.xctest */ = {isa = PBXFileReference; explicitFileType = wrapper.cfbundle; includeInIndex = 0; path = TTTSwiftTests.xctest; sourceTree = BUILT_PRODUCTS_DIR; };
		6EB5C1EF1D7F5C7800A5829F /* Info.plist */ = {isa = PBXFileReference; lastKnownFileType = text.plist.xml; path = Info.plist; sourceTree = "<group>"; };
		6ECEA3521D883F6F0035E9DA /* Clock.swift */ = {isa = PBXFileReference; fileEncoding = 4; lastKnownFileType = sourcecode.swift; name = Clock.swift; path = ../TTTSwift/Clock.swift; sourceTree = "<group>"; };
		6ECEA3541D883F830035E9DA /* ClockTests.swift */ = {isa = PBXFileReference; fileEncoding = 4; lastKnownFileType = sourcecode.swift; path = ClockTests.swift; sourceTree = "<group>"; };
		6EEECB351D8B1AC200B92641 /* HumanPlayerTests.swift */ = {isa = PBXFileReference; fileEncoding = 4; lastKnownFileType = sourcecode.swift; path = HumanPlayerTests.swift; sourceTree = "<group>"; };
		6EEECB371D8B1ADE00B92641 /* HumanPlayer.swift */ = {isa = PBXFileReference; fileEncoding = 4; lastKnownFileType = sourcecode.swift; path = HumanPlayer.swift; sourceTree = "<group>"; };
		6EEECB3D1D8B245E00B92641 /* GameTests.swift */ = {isa = PBXFileReference; fileEncoding = 4; lastKnownFileType = sourcecode.swift; path = GameTests.swift; sourceTree = "<group>"; };
		6EEECB3F1D8B246B00B92641 /* Game.swift */ = {isa = PBXFileReference; fileEncoding = 4; lastKnownFileType = sourcecode.swift; path = Game.swift; sourceTree = "<group>"; };
		6EEECB421D8B255A00B92641 /* Player.swift */ = {isa = PBXFileReference; fileEncoding = 4; lastKnownFileType = sourcecode.swift; path = Player.swift; sourceTree = "<group>"; };
		6EF6F6BB1D81D1FF00B545F2 /* ConsoleMessagesTests.swift */ = {isa = PBXFileReference; fileEncoding = 4; lastKnownFileType = sourcecode.swift; path = ConsoleMessagesTests.swift; sourceTree = "<group>"; };
		6EF6F6BD1D81D20D00B545F2 /* ConsoleMessages.swift */ = {isa = PBXFileReference; fileEncoding = 4; lastKnownFileType = sourcecode.swift; name = ConsoleMessages.swift; path = ../TTTSwift/ConsoleMessages.swift; sourceTree = "<group>"; };
		6EFC78A71D907098005BB491 /* MainMenuTests.swift */ = {isa = PBXFileReference; fileEncoding = 4; lastKnownFileType = sourcecode.swift; path = MainMenuTests.swift; sourceTree = "<group>"; };
		6EFC78A91D9070B5005BB491 /* MainMenu.swift */ = {isa = PBXFileReference; fileEncoding = 4; lastKnownFileType = sourcecode.swift; path = MainMenu.swift; sourceTree = "<group>"; };
		DE02BD03A871D35FD8716CF3 /* Pods_TTTSwiftTests.framework */ = {isa = PBXFileReference; explicitFileType = wrapper.framework; includeInIndex = 0; path = Pods_TTTSwiftTests.framework; sourceTree = BUILT_PRODUCTS_DIR; };
		E95CC427C4F5DFE9BDA4D792 /* Pods-TTTSwiftTests.release.xcconfig */ = {isa = PBXFileReference; includeInIndex = 1; lastKnownFileType = text.xcconfig; name = "Pods-TTTSwiftTests.release.xcconfig"; path = "Pods/Target Support Files/Pods-TTTSwiftTests/Pods-TTTSwiftTests.release.xcconfig"; sourceTree = "<group>"; };
/* End PBXFileReference section */

/* Begin PBXFrameworksBuildPhase section */
		6E47978C1D83106D0027ADAC /* Frameworks */ = {
			isa = PBXFrameworksBuildPhase;
			buildActionMask = 2147483647;
			files = (
			);
			runOnlyForDeploymentPostprocessing = 0;
		};
		6EB5C1D21D7F5C7800A5829F /* Frameworks */ = {
			isa = PBXFrameworksBuildPhase;
			buildActionMask = 2147483647;
			files = (
			);
			runOnlyForDeploymentPostprocessing = 0;
		};
		6EB5C1E61D7F5C7800A5829F /* Frameworks */ = {
			isa = PBXFrameworksBuildPhase;
			buildActionMask = 2147483647;
			files = (
				66E38B3978CD318395A4DA76 /* Pods_TTTSwiftTests.framework in Frameworks */,
			);
			runOnlyForDeploymentPostprocessing = 0;
		};
/* End PBXFrameworksBuildPhase section */

/* Begin PBXGroup section */
		6E4797901D83106D0027ADAC /* TTTSwiftCommandLine */ = {
			isa = PBXGroup;
			children = (
				6E9995251D7F60D500616838 /* Board.swift */,
				6E1811631D8099F200B73B7A /* Rules.swift */,
				6EF6F6BD1D81D20D00B545F2 /* ConsoleMessages.swift */,
				6E75F1F51D8729AA00FAB787 /* UserInputRetriever.swift */,
				6ECEA3521D883F6F0035E9DA /* Clock.swift */,
				6E22377C1D885A6400676B77 /* ConsoleBoard.swift */,
				6E2237811D88628300676B77 /* FirstAvailableSpotComputerPlayer.swift */,
				6E4797911D83106D0027ADAC /* main.swift */,
				6EEECB371D8B1ADE00B92641 /* HumanPlayer.swift */,
				6EEECB3F1D8B246B00B92641 /* Game.swift */,
				6EEECB421D8B255A00B92641 /* Player.swift */,
				6EFC78A91D9070B5005BB491 /* MainMenu.swift */,
			);
			path = TTTSwiftCommandLine;
			sourceTree = "<group>";
		};
		6EB5C1CC1D7F5C7800A5829F = {
			isa = PBXGroup;
			children = (
				6EB5C1D71D7F5C7800A5829F /* TTTSwift */,
				6EB5C1EC1D7F5C7800A5829F /* TTTSwiftTests */,
				6E4797901D83106D0027ADAC /* TTTSwiftCommandLine */,
				6EB5C1D61D7F5C7800A5829F /* Products */,
				B7953F1766707BB55D29E15F /* Pods */,
				DA02B91B29E0301B37D72624 /* Frameworks */,
			);
			sourceTree = "<group>";
		};
		6EB5C1D61D7F5C7800A5829F /* Products */ = {
			isa = PBXGroup;
			children = (
				6EB5C1D51D7F5C7800A5829F /* TTTSwift.app */,
				6EB5C1E91D7F5C7800A5829F /* TTTSwiftTests.xctest */,
				6E47978F1D83106D0027ADAC /* TTTSwiftCommandLine */,
			);
			name = Products;
			sourceTree = "<group>";
		};
		6EB5C1D71D7F5C7800A5829F /* TTTSwift */ = {
			isa = PBXGroup;
			children = (
				6EB5C1D81D7F5C7800A5829F /* AppDelegate.swift */,
				6EB5C1DA1D7F5C7800A5829F /* ViewController.swift */,
				6EB5C1DC1D7F5C7800A5829F /* Main.storyboard */,
				6EB5C1DF1D7F5C7800A5829F /* Assets.xcassets */,
				6EB5C1E11D7F5C7800A5829F /* LaunchScreen.storyboard */,
				6EB5C1E41D7F5C7800A5829F /* Info.plist */,
			);
			path = TTTSwift;
			sourceTree = "<group>";
		};
		6EB5C1EC1D7F5C7800A5829F /* TTTSwiftTests */ = {
			isa = PBXGroup;
			children = (
				6EB5C1EF1D7F5C7800A5829F /* Info.plist */,
				6E9995231D7F5CF800616838 /* BoardTests.swift */,
				6E1811611D80989D00B73B7A /* RulesTests.swift */,
				6EF6F6BB1D81D1FF00B545F2 /* ConsoleMessagesTests.swift */,
				6E75F1F31D87299A00FAB787 /* UserInputRetrieverTests.swift */,
				6ECEA3541D883F830035E9DA /* ClockTests.swift */,
				6E22377F1D885A7900676B77 /* ConsoleBoardTests.swift */,
				6E2237841D88629300676B77 /* FirstAvailableSpotComputerPlayerTests.swift */,
				6EEECB351D8B1AC200B92641 /* HumanPlayerTests.swift */,
				6EEECB3D1D8B245E00B92641 /* GameTests.swift */,
				6EFC78A71D907098005BB491 /* MainMenuTests.swift */,
			);
			path = TTTSwiftTests;
			sourceTree = "<group>";
		};
		B7953F1766707BB55D29E15F /* Pods */ = {
			isa = PBXGroup;
			children = (
				12BE161286AE3EA75A6ADBA1 /* Pods-TTTSwiftTests.debug.xcconfig */,
				E95CC427C4F5DFE9BDA4D792 /* Pods-TTTSwiftTests.release.xcconfig */,
			);
			name = Pods;
			sourceTree = "<group>";
		};
		DA02B91B29E0301B37D72624 /* Frameworks */ = {
			isa = PBXGroup;
			children = (
				DE02BD03A871D35FD8716CF3 /* Pods_TTTSwiftTests.framework */,
			);
			name = Frameworks;
			sourceTree = "<group>";
		};
/* End PBXGroup section */

/* Begin PBXNativeTarget section */
		6E47978E1D83106D0027ADAC /* TTTSwiftCommandLine */ = {
			isa = PBXNativeTarget;
			buildConfigurationList = 6E4797931D83106D0027ADAC /* Build configuration list for PBXNativeTarget "TTTSwiftCommandLine" */;
			buildPhases = (
				6E47978B1D83106D0027ADAC /* Sources */,
				6E47978C1D83106D0027ADAC /* Frameworks */,
				6E47978D1D83106D0027ADAC /* CopyFiles */,
			);
			buildRules = (
			);
			dependencies = (
			);
			name = TTTSwiftCommandLine;
			productName = TTTSwiftCommandLine;
			productReference = 6E47978F1D83106D0027ADAC /* TTTSwiftCommandLine */;
			productType = "com.apple.product-type.tool";
		};
		6EB5C1D41D7F5C7800A5829F /* TTTSwift */ = {
			isa = PBXNativeTarget;
			buildConfigurationList = 6EB5C1F21D7F5C7800A5829F /* Build configuration list for PBXNativeTarget "TTTSwift" */;
			buildPhases = (
				6EB5C1D11D7F5C7800A5829F /* Sources */,
				6EB5C1D21D7F5C7800A5829F /* Frameworks */,
				6EB5C1D31D7F5C7800A5829F /* Resources */,
			);
			buildRules = (
			);
			dependencies = (
			);
			name = TTTSwift;
			productName = TTTSwift;
			productReference = 6EB5C1D51D7F5C7800A5829F /* TTTSwift.app */;
			productType = "com.apple.product-type.application";
		};
		6EB5C1E81D7F5C7800A5829F /* TTTSwiftTests */ = {
			isa = PBXNativeTarget;
			buildConfigurationList = 6EB5C1F51D7F5C7800A5829F /* Build configuration list for PBXNativeTarget "TTTSwiftTests" */;
			buildPhases = (
				20958C61551D754FD2EE030E /* [CP] Check Pods Manifest.lock */,
				6EB5C1E51D7F5C7800A5829F /* Sources */,
				6EB5C1E61D7F5C7800A5829F /* Frameworks */,
				6EB5C1E71D7F5C7800A5829F /* Resources */,
				04AE5009D3B45A4D696BC904 /* [CP] Embed Pods Frameworks */,
				6135347E1C389AEF9C32F5A7 /* [CP] Copy Pods Resources */,
			);
			buildRules = (
			);
			dependencies = (
				6EB5C1EB1D7F5C7800A5829F /* PBXTargetDependency */,
			);
			name = TTTSwiftTests;
			productName = TTTSwiftTests;
			productReference = 6EB5C1E91D7F5C7800A5829F /* TTTSwiftTests.xctest */;
			productType = "com.apple.product-type.bundle.unit-test";
		};
/* End PBXNativeTarget section */

/* Begin PBXProject section */
		6EB5C1CD1D7F5C7800A5829F /* Project object */ = {
			isa = PBXProject;
			attributes = {
				LastSwiftUpdateCheck = 0730;
				LastUpgradeCheck = 0800;
				ORGANIZATIONNAME = "Cyrus Vandrevala";
				TargetAttributes = {
					6E47978E1D83106D0027ADAC = {
						CreatedOnToolsVersion = 7.3.1;
						LastSwiftMigration = 0800;
					};
					6EB5C1D41D7F5C7800A5829F = {
						CreatedOnToolsVersion = 7.3.1;
						DevelopmentTeam = K5JVXNKUGY;
						LastSwiftMigration = 0800;
					};
					6EB5C1E81D7F5C7800A5829F = {
						CreatedOnToolsVersion = 7.3.1;
						DevelopmentTeam = K5JVXNKUGY;
						LastSwiftMigration = 0800;
						TestTargetID = 6EB5C1D41D7F5C7800A5829F;
					};
				};
			};
			buildConfigurationList = 6EB5C1D01D7F5C7800A5829F /* Build configuration list for PBXProject "TTTSwift" */;
			compatibilityVersion = "Xcode 3.2";
			developmentRegion = English;
			hasScannedForEncodings = 0;
			knownRegions = (
				en,
				Base,
			);
			mainGroup = 6EB5C1CC1D7F5C7800A5829F;
			productRefGroup = 6EB5C1D61D7F5C7800A5829F /* Products */;
			projectDirPath = "";
			projectRoot = "";
			targets = (
				6EB5C1D41D7F5C7800A5829F /* TTTSwift */,
				6EB5C1E81D7F5C7800A5829F /* TTTSwiftTests */,
				6E47978E1D83106D0027ADAC /* TTTSwiftCommandLine */,
			);
		};
/* End PBXProject section */

/* Begin PBXResourcesBuildPhase section */
		6EB5C1D31D7F5C7800A5829F /* Resources */ = {
			isa = PBXResourcesBuildPhase;
			buildActionMask = 2147483647;
			files = (
				6EB5C1E31D7F5C7800A5829F /* LaunchScreen.storyboard in Resources */,
				6EB5C1E01D7F5C7800A5829F /* Assets.xcassets in Resources */,
				6EB5C1DE1D7F5C7800A5829F /* Main.storyboard in Resources */,
			);
			runOnlyForDeploymentPostprocessing = 0;
		};
		6EB5C1E71D7F5C7800A5829F /* Resources */ = {
			isa = PBXResourcesBuildPhase;
			buildActionMask = 2147483647;
			files = (
			);
			runOnlyForDeploymentPostprocessing = 0;
		};
/* End PBXResourcesBuildPhase section */

/* Begin PBXShellScriptBuildPhase section */
		04AE5009D3B45A4D696BC904 /* [CP] Embed Pods Frameworks */ = {
			isa = PBXShellScriptBuildPhase;
			buildActionMask = 2147483647;
			files = (
			);
			inputPaths = (
			);
			name = "[CP] Embed Pods Frameworks";
			outputPaths = (
			);
			runOnlyForDeploymentPostprocessing = 0;
			shellPath = /bin/sh;
			shellScript = "\"${SRCROOT}/Pods/Target Support Files/Pods-TTTSwiftTests/Pods-TTTSwiftTests-frameworks.sh\"\n";
			showEnvVarsInLog = 0;
		};
		20958C61551D754FD2EE030E /* [CP] Check Pods Manifest.lock */ = {
			isa = PBXShellScriptBuildPhase;
			buildActionMask = 2147483647;
			files = (
			);
			inputPaths = (
			);
			name = "[CP] Check Pods Manifest.lock";
			outputPaths = (
			);
			runOnlyForDeploymentPostprocessing = 0;
			shellPath = /bin/sh;
			shellScript = "diff \"${PODS_ROOT}/../Podfile.lock\" \"${PODS_ROOT}/Manifest.lock\" > /dev/null\nif [[ $? != 0 ]] ; then\n    cat << EOM\nerror: The sandbox is not in sync with the Podfile.lock. Run 'pod install' or update your CocoaPods installation.\nEOM\n    exit 1\nfi\n";
			showEnvVarsInLog = 0;
		};
		6135347E1C389AEF9C32F5A7 /* [CP] Copy Pods Resources */ = {
			isa = PBXShellScriptBuildPhase;
			buildActionMask = 2147483647;
			files = (
			);
			inputPaths = (
			);
			name = "[CP] Copy Pods Resources";
			outputPaths = (
			);
			runOnlyForDeploymentPostprocessing = 0;
			shellPath = /bin/sh;
			shellScript = "\"${SRCROOT}/Pods/Target Support Files/Pods-TTTSwiftTests/Pods-TTTSwiftTests-resources.sh\"\n";
			showEnvVarsInLog = 0;
		};
/* End PBXShellScriptBuildPhase section */

/* Begin PBXSourcesBuildPhase section */
		6E47978B1D83106D0027ADAC /* Sources */ = {
			isa = PBXSourcesBuildPhase;
			buildActionMask = 2147483647;
			files = (
				6EEECB441D8B255A00B92641 /* Player.swift in Sources */,
				6ECEA3561D883F870035E9DA /* Clock.swift in Sources */,
				6EEECB411D8B246B00B92641 /* Game.swift in Sources */,
				6E4797961D8310A20027ADAC /* Board.swift in Sources */,
				6EEECB391D8B1ADE00B92641 /* HumanPlayer.swift in Sources */,
				6E4797991D8313390027ADAC /* ConsoleMessages.swift in Sources */,
				6E75F1F71D8729AA00FAB787 /* UserInputRetriever.swift in Sources */,
				6EFC78AB1D9070B5005BB491 /* MainMenu.swift in Sources */,
				6E2237831D88628300676B77 /* FirstAvailableSpotComputerPlayer.swift in Sources */,
				6E4797921D83106D0027ADAC /* main.swift in Sources */,
				6E22377E1D885A6400676B77 /* ConsoleBoard.swift in Sources */,
				6E4797981D8313350027ADAC /* Rules.swift in Sources */,
			);
			runOnlyForDeploymentPostprocessing = 0;
		};
		6EB5C1D11D7F5C7800A5829F /* Sources */ = {
			isa = PBXSourcesBuildPhase;
			buildActionMask = 2147483647;
			files = (
				6EFC78AA1D9070B5005BB491 /* MainMenu.swift in Sources */,
				6E2237821D88628300676B77 /* FirstAvailableSpotComputerPlayer.swift in Sources */,
				6EB5C1DB1D7F5C7800A5829F /* ViewController.swift in Sources */,
				6E1811641D8099F200B73B7A /* Rules.swift in Sources */,
				6EF6F6BE1D81D20D00B545F2 /* ConsoleMessages.swift in Sources */,
				6EEECB431D8B255A00B92641 /* Player.swift in Sources */,
				6E22377D1D885A6400676B77 /* ConsoleBoard.swift in Sources */,
				6EB5C1D91D7F5C7800A5829F /* AppDelegate.swift in Sources */,
				6EEECB401D8B246B00B92641 /* Game.swift in Sources */,
				6ECEA3531D883F6F0035E9DA /* Clock.swift in Sources */,
				6E9995261D7F60D500616838 /* Board.swift in Sources */,
				6EEECB381D8B1ADE00B92641 /* HumanPlayer.swift in Sources */,
				6E75F1F61D8729AA00FAB787 /* UserInputRetriever.swift in Sources */,
			);
			runOnlyForDeploymentPostprocessing = 0;
		};
		6EB5C1E51D7F5C7800A5829F /* Sources */ = {
			isa = PBXSourcesBuildPhase;
			buildActionMask = 2147483647;
			files = (
				6E1811621D80989D00B73B7A /* RulesTests.swift in Sources */,
				6EEECB3E1D8B245E00B92641 /* GameTests.swift in Sources */,
				6E2237801D885A7900676B77 /* ConsoleBoardTests.swift in Sources */,
				6EEECB361D8B1AC200B92641 /* HumanPlayerTests.swift in Sources */,
				6E75F1F41D87299A00FAB787 /* UserInputRetrieverTests.swift in Sources */,
				6EFC78A81D907098005BB491 /* MainMenuTests.swift in Sources */,
				6EF6F6BC1D81D1FF00B545F2 /* ConsoleMessagesTests.swift in Sources */,
				6E2237851D88629300676B77 /* FirstAvailableSpotComputerPlayerTests.swift in Sources */,
				6ECEA3551D883F830035E9DA /* ClockTests.swift in Sources */,
				6E9995241D7F5CF800616838 /* BoardTests.swift in Sources */,
			);
			runOnlyForDeploymentPostprocessing = 0;
		};
/* End PBXSourcesBuildPhase section */

/* Begin PBXTargetDependency section */
		6EB5C1EB1D7F5C7800A5829F /* PBXTargetDependency */ = {
			isa = PBXTargetDependency;
			target = 6EB5C1D41D7F5C7800A5829F /* TTTSwift */;
			targetProxy = 6EB5C1EA1D7F5C7800A5829F /* PBXContainerItemProxy */;
		};
/* End PBXTargetDependency section */

/* Begin PBXVariantGroup section */
		6EB5C1DC1D7F5C7800A5829F /* Main.storyboard */ = {
			isa = PBXVariantGroup;
			children = (
				6EB5C1DD1D7F5C7800A5829F /* Base */,
			);
			name = Main.storyboard;
			sourceTree = "<group>";
		};
		6EB5C1E11D7F5C7800A5829F /* LaunchScreen.storyboard */ = {
			isa = PBXVariantGroup;
			children = (
				6EB5C1E21D7F5C7800A5829F /* Base */,
			);
			name = LaunchScreen.storyboard;
			sourceTree = "<group>";
		};
/* End PBXVariantGroup section */

/* Begin XCBuildConfiguration section */
		6E4797941D83106D0027ADAC /* Debug */ = {
			isa = XCBuildConfiguration;
			buildSettings = {
				CODE_SIGN_IDENTITY = "-";
				MACOSX_DEPLOYMENT_TARGET = 10.11;
				PRODUCT_NAME = "$(TARGET_NAME)";
				SDKROOT = macosx;
				SWIFT_VERSION = 2.3;
			};
			name = Debug;
		};
		6E4797951D83106D0027ADAC /* Release */ = {
			isa = XCBuildConfiguration;
			buildSettings = {
				CODE_SIGN_IDENTITY = "-";
				MACOSX_DEPLOYMENT_TARGET = 10.11;
				PRODUCT_NAME = "$(TARGET_NAME)";
				SDKROOT = macosx;
				SWIFT_VERSION = 2.3;
			};
			name = Release;
		};
		6EB5C1F01D7F5C7800A5829F /* Debug */ = {
			isa = XCBuildConfiguration;
			buildSettings = {
				ALWAYS_SEARCH_USER_PATHS = NO;
				CLANG_ANALYZER_NONNULL = YES;
				CLANG_CXX_LANGUAGE_STANDARD = "gnu++0x";
				CLANG_CXX_LIBRARY = "libc++";
				CLANG_ENABLE_MODULES = YES;
				CLANG_ENABLE_OBJC_ARC = YES;
				CLANG_WARN_BOOL_CONVERSION = YES;
				CLANG_WARN_CONSTANT_CONVERSION = YES;
				CLANG_WARN_DIRECT_OBJC_ISA_USAGE = YES_ERROR;
				CLANG_WARN_EMPTY_BODY = YES;
				CLANG_WARN_ENUM_CONVERSION = YES;
				CLANG_WARN_INFINITE_RECURSION = YES;
				CLANG_WARN_INT_CONVERSION = YES;
				CLANG_WARN_OBJC_ROOT_CLASS = YES_ERROR;
				CLANG_WARN_SUSPICIOUS_MOVE = YES;
				CLANG_WARN_UNREACHABLE_CODE = YES;
				CLANG_WARN__DUPLICATE_METHOD_MATCH = YES;
				"CODE_SIGN_IDENTITY[sdk=iphoneos*]" = "iPhone Developer";
				COPY_PHASE_STRIP = NO;
				DEBUG_INFORMATION_FORMAT = dwarf;
				ENABLE_STRICT_OBJC_MSGSEND = YES;
				ENABLE_TESTABILITY = YES;
				GCC_C_LANGUAGE_STANDARD = gnu99;
				GCC_DYNAMIC_NO_PIC = NO;
				GCC_NO_COMMON_BLOCKS = YES;
				GCC_OPTIMIZATION_LEVEL = 0;
				GCC_PREPROCESSOR_DEFINITIONS = (
					"DEBUG=1",
					"$(inherited)",
				);
				GCC_WARN_64_TO_32_BIT_CONVERSION = YES;
				GCC_WARN_ABOUT_RETURN_TYPE = YES_ERROR;
				GCC_WARN_UNDECLARED_SELECTOR = YES;
				GCC_WARN_UNINITIALIZED_AUTOS = YES_AGGRESSIVE;
				GCC_WARN_UNUSED_FUNCTION = YES;
				GCC_WARN_UNUSED_VARIABLE = YES;
				IPHONEOS_DEPLOYMENT_TARGET = 9.3;
				MTL_ENABLE_DEBUG_INFO = YES;
				ONLY_ACTIVE_ARCH = YES;
				SDKROOT = iphoneos;
				SWIFT_OPTIMIZATION_LEVEL = "-Onone";
				TARGETED_DEVICE_FAMILY = "1,2";
			};
			name = Debug;
		};
		6EB5C1F11D7F5C7800A5829F /* Release */ = {
			isa = XCBuildConfiguration;
			buildSettings = {
				ALWAYS_SEARCH_USER_PATHS = NO;
				CLANG_ANALYZER_NONNULL = YES;
				CLANG_CXX_LANGUAGE_STANDARD = "gnu++0x";
				CLANG_CXX_LIBRARY = "libc++";
				CLANG_ENABLE_MODULES = YES;
				CLANG_ENABLE_OBJC_ARC = YES;
				CLANG_WARN_BOOL_CONVERSION = YES;
				CLANG_WARN_CONSTANT_CONVERSION = YES;
				CLANG_WARN_DIRECT_OBJC_ISA_USAGE = YES_ERROR;
				CLANG_WARN_EMPTY_BODY = YES;
				CLANG_WARN_ENUM_CONVERSION = YES;
				CLANG_WARN_INFINITE_RECURSION = YES;
				CLANG_WARN_INT_CONVERSION = YES;
				CLANG_WARN_OBJC_ROOT_CLASS = YES_ERROR;
				CLANG_WARN_SUSPICIOUS_MOVE = YES;
				CLANG_WARN_UNREACHABLE_CODE = YES;
				CLANG_WARN__DUPLICATE_METHOD_MATCH = YES;
				"CODE_SIGN_IDENTITY[sdk=iphoneos*]" = "iPhone Developer";
				COPY_PHASE_STRIP = NO;
				DEBUG_INFORMATION_FORMAT = "dwarf-with-dsym";
				ENABLE_NS_ASSERTIONS = NO;
				ENABLE_STRICT_OBJC_MSGSEND = YES;
				GCC_C_LANGUAGE_STANDARD = gnu99;
				GCC_NO_COMMON_BLOCKS = YES;
				GCC_WARN_64_TO_32_BIT_CONVERSION = YES;
				GCC_WARN_ABOUT_RETURN_TYPE = YES_ERROR;
				GCC_WARN_UNDECLARED_SELECTOR = YES;
				GCC_WARN_UNINITIALIZED_AUTOS = YES_AGGRESSIVE;
				GCC_WARN_UNUSED_FUNCTION = YES;
				GCC_WARN_UNUSED_VARIABLE = YES;
				IPHONEOS_DEPLOYMENT_TARGET = 9.3;
				MTL_ENABLE_DEBUG_INFO = NO;
				SDKROOT = iphoneos;
				SWIFT_OPTIMIZATION_LEVEL = "-Owholemodule";
				TARGETED_DEVICE_FAMILY = "1,2";
				VALIDATE_PRODUCT = YES;
			};
			name = Release;
		};
		6EB5C1F31D7F5C7800A5829F /* Debug */ = {
			isa = XCBuildConfiguration;
			buildSettings = {
				ASSETCATALOG_COMPILER_APPICON_NAME = AppIcon;
				INFOPLIST_FILE = TTTSwift/Info.plist;
				LD_RUNPATH_SEARCH_PATHS = "$(inherited) @executable_path/Frameworks";
				PRODUCT_BUNDLE_IDENTIFIER = com.cyrusvandrevala.TTTSwift;
				PRODUCT_NAME = "$(TARGET_NAME)";
				SWIFT_VERSION = 2.3;
			};
			name = Debug;
		};
		6EB5C1F41D7F5C7800A5829F /* Release */ = {
			isa = XCBuildConfiguration;
			buildSettings = {
				ASSETCATALOG_COMPILER_APPICON_NAME = AppIcon;
				INFOPLIST_FILE = TTTSwift/Info.plist;
				LD_RUNPATH_SEARCH_PATHS = "$(inherited) @executable_path/Frameworks";
				PRODUCT_BUNDLE_IDENTIFIER = com.cyrusvandrevala.TTTSwift;
				PRODUCT_NAME = "$(TARGET_NAME)";
				SWIFT_VERSION = 2.3;
			};
			name = Release;
		};
		6EB5C1F61D7F5C7800A5829F /* Debug */ = {
			isa = XCBuildConfiguration;
			baseConfigurationReference = 12BE161286AE3EA75A6ADBA1 /* Pods-TTTSwiftTests.debug.xcconfig */;
			buildSettings = {
				ALWAYS_EMBED_SWIFT_STANDARD_LIBRARIES = YES;
				BUNDLE_LOADER = "$(TEST_HOST)";
				INFOPLIST_FILE = TTTSwiftTests/Info.plist;
				LD_RUNPATH_SEARCH_PATHS = "$(inherited) @executable_path/Frameworks @loader_path/Frameworks";
				PRODUCT_BUNDLE_IDENTIFIER = com.cyrusvandrevala.TTTSwiftTests;
				PRODUCT_NAME = "$(TARGET_NAME)";
				SWIFT_VERSION = 2.3;
				TEST_HOST = "$(BUILT_PRODUCTS_DIR)/TTTSwift.app/TTTSwift";
			};
			name = Debug;
		};
		6EB5C1F71D7F5C7800A5829F /* Release */ = {
			isa = XCBuildConfiguration;
			baseConfigurationReference = E95CC427C4F5DFE9BDA4D792 /* Pods-TTTSwiftTests.release.xcconfig */;
			buildSettings = {
				ALWAYS_EMBED_SWIFT_STANDARD_LIBRARIES = YES;
				BUNDLE_LOADER = "$(TEST_HOST)";
				INFOPLIST_FILE = TTTSwiftTests/Info.plist;
				LD_RUNPATH_SEARCH_PATHS = "$(inherited) @executable_path/Frameworks @loader_path/Frameworks";
				PRODUCT_BUNDLE_IDENTIFIER = com.cyrusvandrevala.TTTSwiftTests;
				PRODUCT_NAME = "$(TARGET_NAME)";
				SWIFT_VERSION = 2.3;
				TEST_HOST = "$(BUILT_PRODUCTS_DIR)/TTTSwift.app/TTTSwift";
			};
			name = Release;
		};
/* End XCBuildConfiguration section */

/* Begin XCConfigurationList section */
		6E4797931D83106D0027ADAC /* Build configuration list for PBXNativeTarget "TTTSwiftCommandLine" */ = {
			isa = XCConfigurationList;
			buildConfigurations = (
				6E4797941D83106D0027ADAC /* Debug */,
				6E4797951D83106D0027ADAC /* Release */,
			);
			defaultConfigurationIsVisible = 0;
			defaultConfigurationName = Release;
		};
		6EB5C1D01D7F5C7800A5829F /* Build configuration list for PBXProject "TTTSwift" */ = {
			isa = XCConfigurationList;
			buildConfigurations = (
				6EB5C1F01D7F5C7800A5829F /* Debug */,
				6EB5C1F11D7F5C7800A5829F /* Release */,
			);
			defaultConfigurationIsVisible = 0;
			defaultConfigurationName = Release;
		};
		6EB5C1F21D7F5C7800A5829F /* Build configuration list for PBXNativeTarget "TTTSwift" */ = {
			isa = XCConfigurationList;
			buildConfigurations = (
				6EB5C1F31D7F5C7800A5829F /* Debug */,
				6EB5C1F41D7F5C7800A5829F /* Release */,
			);
			defaultConfigurationIsVisible = 0;
			defaultConfigurationName = Release;
		};
		6EB5C1F51D7F5C7800A5829F /* Build configuration list for PBXNativeTarget "TTTSwiftTests" */ = {
			isa = XCConfigurationList;
			buildConfigurations = (
				6EB5C1F61D7F5C7800A5829F /* Debug */,
				6EB5C1F71D7F5C7800A5829F /* Release */,
			);
			defaultConfigurationIsVisible = 0;
			defaultConfigurationName = Release;
		};
/* End XCConfigurationList section */
	};
	rootObject = 6EB5C1CD1D7F5C7800A5829F /* Project object */;
}
